
Microsoft Visual Studio Solution File, Format Version 12.00
# Visual Studio 15
VisualStudioVersion = 15.0.27130.2036
MinimumVisualStudioVersion = 10.0.40219.1
Project("{FAE04EC0-301F-11D3-BF4B-00C04F79EFBC}") = "LegendsOfSenai", "LegendsOfSenai\LegendsOfSenai.csproj", "{3AC410AB-3F82-420C-AFF3-0220AD70B26E}"
EndProject
Project("{FAE04EC0-301F-11D3-BF4B-00C04F79EFBC}") = "MapaBatalha", "MapaBatalha\MapaBatalha.csproj", "{D86AC850-D7FB-4157-8EBC-C03C6BC3C9EC}"
EndProject
Project("{FAE04EC0-301F-11D3-BF4B-00C04F79EFBC}") = "MapaGeral", "MapaGeral\MapaGeral.csproj", "{9A9C376E-5752-4066-8021-1124A155EC86}"
EndProject
Project("{FAE04EC0-301F-11D3-BF4B-00C04F79EFBC}") = "Personagem", "Personagem\Personagem.csproj", "{F1F6C029-D5C5-487C-B83E-BFB25AA3F3B4}"
EndProject
Project("{FAE04EC0-301F-11D3-BF4B-00C04F79EFBC}") = "Jogador", "Jogador\Jogador.csproj", "{EE3459E6-67FA-440C-811E-879880842A94}"
EndProject
Project("{FAE04EC0-301F-11D3-BF4B-00C04F79EFBC}") = "Habilidade", "Habilidade\Habilidade.csproj", "{AD5569A2-1FE2-4FB2-A836-BDDD9DC4A557}"
EndProject
Global
	GlobalSection(SolutionConfigurationPlatforms) = preSolution
		Debug|Any CPU = Debug|Any CPU
		Debug|ARM = Debug|ARM
		Debug|x64 = Debug|x64
		Debug|x86 = Debug|x86
		Release|Any CPU = Release|Any CPU
		Release|ARM = Release|ARM
		Release|x64 = Release|x64
		Release|x86 = Release|x86
	EndGlobalSection
	GlobalSection(ProjectConfigurationPlatforms) = postSolution
		{3AC410AB-3F82-420C-AFF3-0220AD70B26E}.Debug|Any CPU.ActiveCfg = Debug|x86
		{3AC410AB-3F82-420C-AFF3-0220AD70B26E}.Debug|ARM.ActiveCfg = Debug|ARM
		{3AC410AB-3F82-420C-AFF3-0220AD70B26E}.Debug|ARM.Build.0 = Debug|ARM
		{3AC410AB-3F82-420C-AFF3-0220AD70B26E}.Debug|ARM.Deploy.0 = Debug|ARM
		{3AC410AB-3F82-420C-AFF3-0220AD70B26E}.Debug|x64.ActiveCfg = Debug|x64
		{3AC410AB-3F82-420C-AFF3-0220AD70B26E}.Debug|x64.Build.0 = Debug|x64
		{3AC410AB-3F82-420C-AFF3-0220AD70B26E}.Debug|x64.Deploy.0 = Debug|x64
		{3AC410AB-3F82-420C-AFF3-0220AD70B26E}.Debug|x86.ActiveCfg = Debug|x86
		{3AC410AB-3F82-420C-AFF3-0220AD70B26E}.Debug|x86.Build.0 = Debug|x86
		{3AC410AB-3F82-420C-AFF3-0220AD70B26E}.Debug|x86.Deploy.0 = Debug|x86
		{3AC410AB-3F82-420C-AFF3-0220AD70B26E}.Release|Any CPU.ActiveCfg = Release|x86
		{3AC410AB-3F82-420C-AFF3-0220AD70B26E}.Release|ARM.ActiveCfg = Release|ARM
		{3AC410AB-3F82-420C-AFF3-0220AD70B26E}.Release|ARM.Build.0 = Release|ARM
		{3AC410AB-3F82-420C-AFF3-0220AD70B26E}.Release|ARM.Deploy.0 = Release|ARM
		{3AC410AB-3F82-420C-AFF3-0220AD70B26E}.Release|x64.ActiveCfg = Release|x64
		{3AC410AB-3F82-420C-AFF3-0220AD70B26E}.Release|x64.Build.0 = Release|x64
		{3AC410AB-3F82-420C-AFF3-0220AD70B26E}.Release|x64.Deploy.0 = Release|x64
		{3AC410AB-3F82-420C-AFF3-0220AD70B26E}.Release|x86.ActiveCfg = Release|x86
		{3AC410AB-3F82-420C-AFF3-0220AD70B26E}.Release|x86.Build.0 = Release|x86
		{3AC410AB-3F82-420C-AFF3-0220AD70B26E}.Release|x86.Deploy.0 = Release|x86
		{D86AC850-D7FB-4157-8EBC-C03C6BC3C9EC}.Debug|Any CPU.ActiveCfg = Debug|Any CPU
		{D86AC850-D7FB-4157-8EBC-C03C6BC3C9EC}.Debug|Any CPU.Build.0 = Debug|Any CPU
		{D86AC850-D7FB-4157-8EBC-C03C6BC3C9EC}.Debug|ARM.ActiveCfg = Debug|ARM
		{D86AC850-D7FB-4157-8EBC-C03C6BC3C9EC}.Debug|ARM.Build.0 = Debug|ARM
		{D86AC850-D7FB-4157-8EBC-C03C6BC3C9EC}.Debug|x64.ActiveCfg = Debug|x64
		{D86AC850-D7FB-4157-8EBC-C03C6BC3C9EC}.Debug|x64.Build.0 = Debug|x64
		{D86AC850-D7FB-4157-8EBC-C03C6BC3C9EC}.Debug|x86.ActiveCfg = Debug|x86
		{D86AC850-D7FB-4157-8EBC-C03C6BC3C9EC}.Debug|x86.Build.0 = Debug|x86
		{D86AC850-D7FB-4157-8EBC-C03C6BC3C9EC}.Release|Any CPU.ActiveCfg = Release|Any CPU
		{D86AC850-D7FB-4157-8EBC-C03C6BC3C9EC}.Release|Any CPU.Build.0 = Release|Any CPU
		{D86AC850-D7FB-4157-8EBC-C03C6BC3C9EC}.Release|ARM.ActiveCfg = Release|ARM
		{D86AC850-D7FB-4157-8EBC-C03C6BC3C9EC}.Release|ARM.Build.0 = Release|ARM
		{D86AC850-D7FB-4157-8EBC-C03C6BC3C9EC}.Release|x64.ActiveCfg = Release|x64
		{D86AC850-D7FB-4157-8EBC-C03C6BC3C9EC}.Release|x64.Build.0 = Release|x64
		{D86AC850-D7FB-4157-8EBC-C03C6BC3C9EC}.Release|x86.ActiveCfg = Release|x86
		{D86AC850-D7FB-4157-8EBC-C03C6BC3C9EC}.Release|x86.Build.0 = Release|x86
		{9A9C376E-5752-4066-8021-1124A155EC86}.Debug|Any CPU.ActiveCfg = Debug|Any CPU
		{9A9C376E-5752-4066-8021-1124A155EC86}.Debug|Any CPU.Build.0 = Debug|Any CPU
		{9A9C376E-5752-4066-8021-1124A155EC86}.Debug|ARM.ActiveCfg = Debug|ARM
		{9A9C376E-5752-4066-8021-1124A155EC86}.Debug|ARM.Build.0 = Debug|ARM
		{9A9C376E-5752-4066-8021-1124A155EC86}.Debug|x64.ActiveCfg = Debug|x64
		{9A9C376E-5752-4066-8021-1124A155EC86}.Debug|x64.Build.0 = Debug|x64
		{9A9C376E-5752-4066-8021-1124A155EC86}.Debug|x86.ActiveCfg = Debug|x86
		{9A9C376E-5752-4066-8021-1124A155EC86}.Debug|x86.Build.0 = Debug|x86
		{9A9C376E-5752-4066-8021-1124A155EC86}.Release|Any CPU.ActiveCfg = Release|Any CPU
		{9A9C376E-5752-4066-8021-1124A155EC86}.Release|Any CPU.Build.0 = Release|Any CPU
		{9A9C376E-5752-4066-8021-1124A155EC86}.Release|ARM.ActiveCfg = Release|ARM
		{9A9C376E-5752-4066-8021-1124A155EC86}.Release|ARM.Build.0 = Release|ARM
		{9A9C376E-5752-4066-8021-1124A155EC86}.Release|x64.ActiveCfg = Release|x64
		{9A9C376E-5752-4066-8021-1124A155EC86}.Release|x64.Build.0 = Release|x64
		{9A9C376E-5752-4066-8021-1124A155EC86}.Release|x86.ActiveCfg = Release|x86
		{9A9C376E-5752-4066-8021-1124A155EC86}.Release|x86.Build.0 = Release|x86
		{F1F6C029-D5C5-487C-B83E-BFB25AA3F3B4}.Debug|Any CPU.ActiveCfg = Debug|Any CPU
		{F1F6C029-D5C5-487C-B83E-BFB25AA3F3B4}.Debug|Any CPU.Build.0 = Debug|Any CPU
		{F1F6C029-D5C5-487C-B83E-BFB25AA3F3B4}.Debug|ARM.ActiveCfg = Debug|ARM
		{F1F6C029-D5C5-487C-B83E-BFB25AA3F3B4}.Debug|ARM.Build.0 = Debug|ARM
		{F1F6C029-D5C5-487C-B83E-BFB25AA3F3B4}.Debug|x64.ActiveCfg = Debug|x64
		{F1F6C029-D5C5-487C-B83E-BFB25AA3F3B4}.Debug|x64.Build.0 = Debug|x64
		{F1F6C029-D5C5-487C-B83E-BFB25AA3F3B4}.Debug|x86.ActiveCfg = Debug|x86
		{F1F6C029-D5C5-487C-B83E-BFB25AA3F3B4}.Debug|x86.Build.0 = Debug|x86
		{F1F6C029-D5C5-487C-B83E-BFB25AA3F3B4}.Release|Any CPU.ActiveCfg = Release|Any CPU
		{F1F6C029-D5C5-487C-B83E-BFB25AA3F3B4}.Release|Any CPU.Build.0 = Release|Any CPU
		{F1F6C029-D5C5-487C-B83E-BFB25AA3F3B4}.Release|ARM.ActiveCfg = Release|ARM
		{F1F6C029-D5C5-487C-B83E-BFB25AA3F3B4}.Release|ARM.Build.0 = Release|ARM
		{F1F6C029-D5C5-487C-B83E-BFB25AA3F3B4}.Release|x64.ActiveCfg = Release|x64
		{F1F6C029-D5C5-487C-B83E-BFB25AA3F3B4}.Release|x64.Build.0 = Release|x64
		{F1F6C029-D5C5-487C-B83E-BFB25AA3F3B4}.Release|x86.ActiveCfg = Release|x86
		{F1F6C029-D5C5-487C-B83E-BFB25AA3F3B4}.Release|x86.Build.0 = Release|x86
		{EE3459E6-67FA-440C-811E-879880842A94}.Debug|Any CPU.ActiveCfg = Debug|Any CPU
		{EE3459E6-67FA-440C-811E-879880842A94}.Debug|Any CPU.Build.0 = Debug|Any CPU
		{EE3459E6-67FA-440C-811E-879880842A94}.Debug|ARM.ActiveCfg = Debug|ARM
		{EE3459E6-67FA-440C-811E-879880842A94}.Debug|ARM.Build.0 = Debug|ARM
		{EE3459E6-67FA-440C-811E-879880842A94}.Debug|x64.ActiveCfg = Debug|x64
		{EE3459E6-67FA-440C-811E-879880842A94}.Debug|x64.Build.0 = Debug|x64
		{EE3459E6-67FA-440C-811E-879880842A94}.Debug|x86.ActiveCfg = Debug|x86
		{EE3459E6-67FA-440C-811E-879880842A94}.Debug|x86.Build.0 = Debug|x86
		{EE3459E6-67FA-440C-811E-879880842A94}.Release|Any CPU.ActiveCfg = Release|Any CPU
		{EE3459E6-67FA-440C-811E-879880842A94}.Release|Any CPU.Build.0 = Release|Any CPU
		{EE3459E6-67FA-440C-811E-879880842A94}.Release|ARM.ActiveCfg = Release|ARM
		{EE3459E6-67FA-440C-811E-879880842A94}.Release|ARM.Build.0 = Release|ARM
		{EE3459E6-67FA-440C-811E-879880842A94}.Release|x64.ActiveCfg = Release|x64
		{EE3459E6-67FA-440C-811E-879880842A94}.Release|x64.Build.0 = Release|x64
		{EE3459E6-67FA-440C-811E-879880842A94}.Release|x86.ActiveCfg = Release|x86
		{EE3459E6-67FA-440C-811E-879880842A94}.Release|x86.Build.0 = Release|x86
		{AD5569A2-1FE2-4FB2-A836-BDDD9DC4A557}.Debug|Any CPU.ActiveCfg = Debug|Any CPU
		{AD5569A2-1FE2-4FB2-A836-BDDD9DC4A557}.Debug|Any CPU.Build.0 = Debug|Any CPU
		{AD5569A2-1FE2-4FB2-A836-BDDD9DC4A557}.Debug|ARM.ActiveCfg = Debug|ARM
		{AD5569A2-1FE2-4FB2-A836-BDDD9DC4A557}.Debug|ARM.Build.0 = Debug|ARM
		{AD5569A2-1FE2-4FB2-A836-BDDD9DC4A557}.Debug|x64.ActiveCfg = Debug|x64
		{AD5569A2-1FE2-4FB2-A836-BDDD9DC4A557}.Debug|x64.Build.0 = Debug|x64
		{AD5569A2-1FE2-4FB2-A836-BDDD9DC4A557}.Debug|x86.ActiveCfg = Debug|x86
		{AD5569A2-1FE2-4FB2-A836-BDDD9DC4A557}.Debug|x86.Build.0 = Debug|x86
		{AD5569A2-1FE2-4FB2-A836-BDDD9DC4A557}.Release|Any CPU.ActiveCfg = Release|Any CPU
		{AD5569A2-1FE2-4FB2-A836-BDDD9DC4A557}.Release|Any CPU.Build.0 = Release|Any CPU
		{AD5569A2-1FE2-4FB2-A836-BDDD9DC4A557}.Release|ARM.ActiveCfg = Release|ARM
		{AD5569A2-1FE2-4FB2-A836-BDDD9DC4A557}.Release|ARM.Build.0 = Release|ARM
		{AD5569A2-1FE2-4FB2-A836-BDDD9DC4A557}.Release|x64.ActiveCfg = Release|x64
		{AD5569A2-1FE2-4FB2-A836-BDDD9DC4A557}.Release|x64.Build.0 = Release|x64
		{AD5569A2-1FE2-4FB2-A836-BDDD9DC4A557}.Release|x86.ActiveCfg = Release|x86
		{AD5569A2-1FE2-4FB2-A836-BDDD9DC4A557}.Release|x86.Build.0 = Release|x86
	EndGlobalSection
	GlobalSection(SolutionProperties) = preSolution
		HideSolutionNode = FALSE
	EndGlobalSection
	GlobalSection(ExtensibilityGlobals) = postSolution
		SolutionGuid = {CBCF8F62-9F51-4CFA-A081-40614645A92E}
	EndGlobalSection
EndGlobal
